
Microsoft Visual Studio Solution File, Format Version 12.00
# Visual Studio 2015
Project("{FAE04EC0-301F-11D3-BF4B-00C04F79EFBC}") = "LandmassGeneration", "LandmassGeneration.csproj", "{C0498F0F-B57D-388A-2FB1-CC56E0D76E18}"
EndProject
Project("{FAE04EC0-301F-11D3-BF4B-00C04F79EFBC}") = "LandmassGeneration.Editor", "LandmassGeneration.Editor.csproj", "{BD98775B-3D98-790F-08CF-4F713B2A2423}"
EndProject
Project("{FAE04EC0-301F-11D3-BF4B-00C04F79EFBC}") = "LandmassGeneration.Plugins", "LandmassGeneration.Plugins.csproj", "{14FB60F2-4C07-2F4A-0CA4-716938CBD1CB}"
EndProject
Global
	GlobalSection(SolutionConfigurationPlatforms) = preSolution
		Debug|Any CPU = Debug|Any CPU
		Release|Any CPU = Release|Any CPU
	EndGlobalSection
	GlobalSection(ProjectConfigurationPlatforms) = postSolution
		{C0498F0F-B57D-388A-2FB1-CC56E0D76E18}.Debug|Any CPU.ActiveCfg = Debug|Any CPU
		{C0498F0F-B57D-388A-2FB1-CC56E0D76E18}.Debug|Any CPU.Build.0 = Debug|Any CPU
		{C0498F0F-B57D-388A-2FB1-CC56E0D76E18}.Release|Any CPU.ActiveCfg = Release|Any CPU
		{C0498F0F-B57D-388A-2FB1-CC56E0D76E18}.Release|Any CPU.Build.0 = Release|Any CPU
		{BD98775B-3D98-790F-08CF-4F713B2A2423}.Debug|Any CPU.ActiveCfg = Debug|Any CPU
		{BD98775B-3D98-790F-08CF-4F713B2A2423}.Debug|Any CPU.Build.0 = Debug|Any CPU
		{BD98775B-3D98-790F-08CF-4F713B2A2423}.Release|Any CPU.ActiveCfg = Release|Any CPU
		{BD98775B-3D98-790F-08CF-4F713B2A2423}.Release|Any CPU.Build.0 = Release|Any CPU
		{14FB60F2-4C07-2F4A-0CA4-716938CBD1CB}.Debug|Any CPU.ActiveCfg = Debug|Any CPU
		{14FB60F2-4C07-2F4A-0CA4-716938CBD1CB}.Debug|Any CPU.Build.0 = Debug|Any CPU
		{14FB60F2-4C07-2F4A-0CA4-716938CBD1CB}.Release|Any CPU.ActiveCfg = Release|Any CPU
		{14FB60F2-4C07-2F4A-0CA4-716938CBD1CB}.Release|Any CPU.Build.0 = Release|Any CPU
	EndGlobalSection
	GlobalSection(SolutionProperties) = preSolution
		HideSolutionNode = FALSE
	EndGlobalSection
EndGlobal
